<?xml version="1.0" encoding="utf-8"?>
<Project ToolsVersion="4.0" xmlns="http://schemas.microsoft.com/developer/msbuild/2003">
  <ItemGroup>
    <Filter Include="Zirconium">
      <UniqueIdentifier>{45195103-B183-057A-FAC1-B61F666BE3CE}</UniqueIdentifier>
    </Filter>
  </ItemGroup>
  <ItemGroup>
    <ClInclude Include="src\Zirconium.h" />
    <ClInclude Include="src\Zirconium\Application.h">
      <Filter>Zirconium</Filter>
    </ClInclude>
    <ClInclude Include="src\Zirconium\Core.h">
      <Filter>Zirconium</Filter>
    </ClInclude>
    <ClInclude Include="src\Zirconium\EntryPoint.h">
      <Filter>Zirconium</Filter>
    </ClInclude>
    <ClInclude Include="src\Zirconium\Log.h">
      <Filter>Zirconium</Filter>
    </ClInclude>
  </ItemGroup>
  <ItemGroup>
    <ClCompile Include="src\Zirconium\Application.cpp">
      <Filter>Zirconium</Filter>
    </ClCompile>
    <ClCompile Include="src\Zirconium\Log.cpp">
      <Filter>Zirconium</Filter>
    </ClCompile>
  </ItemGroup>
</Project>